// !$*UTF8*$!
{
	archiveVersion = 1;
	classes = {
	};
	objectVersion = 46;
	objects = {

/* Begin PBXBuildFile section */
		31D94FE4EEE6E306F6266003 /* libPods-AlgorhythmUITests.a in Frameworks */ = {isa = PBXBuildFile; fileRef = 6D32BAA65A6EF73E6501C410 /* libPods-AlgorhythmUITests.a */; };
		3457611C1D68CAA500BCE071 /* main.m in Sources */ = {isa = PBXBuildFile; fileRef = 3457611B1D68CAA500BCE071 /* main.m */; };
		3457611F1D68CAA500BCE071 /* AppDelegate.m in Sources */ = {isa = PBXBuildFile; fileRef = 3457611E1D68CAA500BCE071 /* AppDelegate.m */; };
		345761221D68CAA500BCE071 /* PlaylistMasterViewController.m in Sources */ = {isa = PBXBuildFile; fileRef = 345761211D68CAA500BCE071 /* PlaylistMasterViewController.m */; };
		345761251D68CAA500BCE071 /* Main.storyboard in Resources */ = {isa = PBXBuildFile; fileRef = 345761231D68CAA500BCE071 /* Main.storyboard */; };
		345761271D68CAA500BCE071 /* Assets.xcassets in Resources */ = {isa = PBXBuildFile; fileRef = 345761261D68CAA500BCE071 /* Assets.xcassets */; };
		3457612A1D68CAA500BCE071 /* LaunchScreen.storyboard in Resources */ = {isa = PBXBuildFile; fileRef = 345761281D68CAA500BCE071 /* LaunchScreen.storyboard */; };
		345761351D68CAA500BCE071 /* AlgorhythmTests.m in Sources */ = {isa = PBXBuildFile; fileRef = 345761341D68CAA500BCE071 /* AlgorhythmTests.m */; };
		345761401D68CAA500BCE071 /* AlgorhythmUITests.m in Sources */ = {isa = PBXBuildFile; fileRef = 3457613F1D68CAA500BCE071 /* AlgorhythmUITests.m */; };
		3457614F1D68CECA00BCE071 /* PlaylistDetailViewController.m in Sources */ = {isa = PBXBuildFile; fileRef = 3457614E1D68CECA00BCE071 /* PlaylistDetailViewController.m */; };
		34A40CC51D6A391F00F9C9B5 /* MusicLibrary.m in Sources */ = {isa = PBXBuildFile; fileRef = 34A40CC41D6A391F00F9C9B5 /* MusicLibrary.m */; };
		34A40CC61D6A391F00F9C9B5 /* MusicLibrary.m in Sources */ = {isa = PBXBuildFile; fileRef = 34A40CC41D6A391F00F9C9B5 /* MusicLibrary.m */; };
		34A40CC71D6A391F00F9C9B5 /* MusicLibrary.m in Sources */ = {isa = PBXBuildFile; fileRef = 34A40CC41D6A391F00F9C9B5 /* MusicLibrary.m */; };
		34A40CCD1D6A445C00F9C9B5 /* GoogleService-Info (5).plist in Resources */ = {isa = PBXBuildFile; fileRef = 34A40CCC1D6A445C00F9C9B5 /* GoogleService-Info (5).plist */; };
		6777E17C83922A6830712C10 /* libPods-AlgorhythmTests.a in Frameworks */ = {isa = PBXBuildFile; fileRef = 00381CDE3F6DE42A809932C5 /* libPods-AlgorhythmTests.a */; };
		F240BCE73BDD7763D6684C94 /* libPods-Algorhythm.a in Frameworks */ = {isa = PBXBuildFile; fileRef = 29425EFF82CD764E90FA57D4 /* libPods-Algorhythm.a */; };
/* End PBXBuildFile section */

/* Begin PBXContainerItemProxy section */
		345761311D68CAA500BCE071 /* PBXContainerItemProxy */ = {
			isa = PBXContainerItemProxy;
			containerPortal = 3457610F1D68CAA500BCE071 /* Project object */;
			proxyType = 1;
			remoteGlobalIDString = 345761161D68CAA500BCE071;
			remoteInfo = Algorhythm;
		};
		3457613C1D68CAA500BCE071 /* PBXContainerItemProxy */ = {
			isa = PBXContainerItemProxy;
			containerPortal = 3457610F1D68CAA500BCE071 /* Project object */;
			proxyType = 1;
			remoteGlobalIDString = 345761161D68CAA500BCE071;
			remoteInfo = Algorhythm;
		};
/* End PBXContainerItemProxy section */

/* Begin PBXFileReference section */
		00381CDE3F6DE42A809932C5 /* libPods-AlgorhythmTests.a */ = {isa = PBXFileReference; explicitFileType = archive.ar; includeInIndex = 0; path = "libPods-AlgorhythmTests.a"; sourceTree = BUILT_PRODUCTS_DIR; };
		02AB7E54DA3224E235D2D975 /* Pods-Algorhythm.release.xcconfig */ = {isa = PBXFileReference; includeInIndex = 1; lastKnownFileType = text.xcconfig; name = "Pods-Algorhythm.release.xcconfig"; path = "Pods/Target Support Files/Pods-Algorhythm/Pods-Algorhythm.release.xcconfig"; sourceTree = "<group>"; };
		29425EFF82CD764E90FA57D4 /* libPods-Algorhythm.a */ = {isa = PBXFileReference; explicitFileType = archive.ar; includeInIndex = 0; path = "libPods-Algorhythm.a"; sourceTree = BUILT_PRODUCTS_DIR; };
		345761171D68CAA500BCE071 /* Algorhythm.app */ = {isa = PBXFileReference; explicitFileType = wrapper.application; includeInIndex = 0; path = Algorhythm.app; sourceTree = BUILT_PRODUCTS_DIR; };
		3457611B1D68CAA500BCE071 /* main.m */ = {isa = PBXFileReference; lastKnownFileType = sourcecode.c.objc; path = main.m; sourceTree = "<group>"; };
		3457611D1D68CAA500BCE071 /* AppDelegate.h */ = {isa = PBXFileReference; lastKnownFileType = sourcecode.c.h; path = AppDelegate.h; sourceTree = "<group>"; };
		3457611E1D68CAA500BCE071 /* AppDelegate.m */ = {isa = PBXFileReference; lastKnownFileType = sourcecode.c.objc; path = AppDelegate.m; sourceTree = "<group>"; };
		345761201D68CAA500BCE071 /* PlaylistMasterViewController.h */ = {isa = PBXFileReference; lastKnownFileType = sourcecode.c.h; path = PlaylistMasterViewController.h; sourceTree = "<group>"; };
		345761211D68CAA500BCE071 /* PlaylistMasterViewController.m */ = {isa = PBXFileReference; lastKnownFileType = sourcecode.c.objc; path = PlaylistMasterViewController.m; sourceTree = "<group>"; };
		345761241D68CAA500BCE071 /* Base */ = {isa = PBXFileReference; lastKnownFileType = file.storyboard; name = Base; path = Base.lproj/Main.storyboard; sourceTree = "<group>"; };
		345761261D68CAA500BCE071 /* Assets.xcassets */ = {isa = PBXFileReference; lastKnownFileType = folder.assetcatalog; path = Assets.xcassets; sourceTree = "<group>"; };
		345761291D68CAA500BCE071 /* Base */ = {isa = PBXFileReference; lastKnownFileType = file.storyboard; name = Base; path = Base.lproj/LaunchScreen.storyboard; sourceTree = "<group>"; };
		3457612B1D68CAA500BCE071 /* Info.plist */ = {isa = PBXFileReference; lastKnownFileType = text.plist.xml; path = Info.plist; sourceTree = "<group>"; };
		345761301D68CAA500BCE071 /* AlgorhythmTests.xctest */ = {isa = PBXFileReference; explicitFileType = wrapper.cfbundle; includeInIndex = 0; path = AlgorhythmTests.xctest; sourceTree = BUILT_PRODUCTS_DIR; };
		345761341D68CAA500BCE071 /* AlgorhythmTests.m */ = {isa = PBXFileReference; lastKnownFileType = sourcecode.c.objc; path = AlgorhythmTests.m; sourceTree = "<group>"; };
		345761361D68CAA500BCE071 /* Info.plist */ = {isa = PBXFileReference; lastKnownFileType = text.plist.xml; path = Info.plist; sourceTree = "<group>"; };
		3457613B1D68CAA500BCE071 /* AlgorhythmUITests.xctest */ = {isa = PBXFileReference; explicitFileType = wrapper.cfbundle; includeInIndex = 0; path = AlgorhythmUITests.xctest; sourceTree = BUILT_PRODUCTS_DIR; };
		3457613F1D68CAA500BCE071 /* AlgorhythmUITests.m */ = {isa = PBXFileReference; lastKnownFileType = sourcecode.c.objc; path = AlgorhythmUITests.m; sourceTree = "<group>"; };
		345761411D68CAA500BCE071 /* Info.plist */ = {isa = PBXFileReference; lastKnownFileType = text.plist.xml; path = Info.plist; sourceTree = "<group>"; };
		3457614D1D68CECA00BCE071 /* PlaylistDetailViewController.h */ = {isa = PBXFileReference; fileEncoding = 4; lastKnownFileType = sourcecode.c.h; path = PlaylistDetailViewController.h; sourceTree = "<group>"; };
		3457614E1D68CECA00BCE071 /* PlaylistDetailViewController.m */ = {isa = PBXFileReference; fileEncoding = 4; lastKnownFileType = sourcecode.c.objc; path = PlaylistDetailViewController.m; sourceTree = "<group>"; };
		34A40CC31D6A391F00F9C9B5 /* MusicLibrary.h */ = {isa = PBXFileReference; fileEncoding = 4; lastKnownFileType = sourcecode.c.h; path = MusicLibrary.h; sourceTree = "<group>"; };
		34A40CC41D6A391F00F9C9B5 /* MusicLibrary.m */ = {isa = PBXFileReference; fileEncoding = 4; lastKnownFileType = sourcecode.c.objc; path = MusicLibrary.m; sourceTree = "<group>"; };
		34A40CCC1D6A445C00F9C9B5 /* GoogleService-Info (5).plist */ = {isa = PBXFileReference; fileEncoding = 4; lastKnownFileType = text.plist.xml; name = "GoogleService-Info (5).plist"; path = "../../../../Downloads/GoogleService-Info (5).plist"; sourceTree = "<group>"; };
		4A4B905F76CADABA3EA97FC7 /* Pods-Algorhythm.debug.xcconfig */ = {isa = PBXFileReference; includeInIndex = 1; lastKnownFileType = text.xcconfig; name = "Pods-Algorhythm.debug.xcconfig"; path = "Pods/Target Support Files/Pods-Algorhythm/Pods-Algorhythm.debug.xcconfig"; sourceTree = "<group>"; };
		5BE7D9FDBC335BB4595A94A7 /* Pods-AlgorhythmTests.debug.xcconfig */ = {isa = PBXFileReference; includeInIndex = 1; lastKnownFileType = text.xcconfig; name = "Pods-AlgorhythmTests.debug.xcconfig"; path = "Pods/Target Support Files/Pods-AlgorhythmTests/Pods-AlgorhythmTests.debug.xcconfig"; sourceTree = "<group>"; };
		6D32BAA65A6EF73E6501C410 /* libPods-AlgorhythmUITests.a */ = {isa = PBXFileReference; explicitFileType = archive.ar; includeInIndex = 0; path = "libPods-AlgorhythmUITests.a"; sourceTree = BUILT_PRODUCTS_DIR; };
		78285F1647F79B3EDD95C7C7 /* Pods-AlgorhythmUITests.debug.xcconfig */ = {isa = PBXFileReference; includeInIndex = 1; lastKnownFileType = text.xcconfig; name = "Pods-AlgorhythmUITests.debug.xcconfig"; path = "Pods/Target Support Files/Pods-AlgorhythmUITests/Pods-AlgorhythmUITests.debug.xcconfig"; sourceTree = "<group>"; };
		8C802F9F1A898316240DCFCB /* Pods-AlgorhythmUITests.release.xcconfig */ = {isa = PBXFileReference; includeInIndex = 1; lastKnownFileType = text.xcconfig; name = "Pods-AlgorhythmUITests.release.xcconfig"; path = "Pods/Target Support Files/Pods-AlgorhythmUITests/Pods-AlgorhythmUITests.release.xcconfig"; sourceTree = "<group>"; };
		D7D037820B8B396542BB8AE6 /* Pods-AlgorhythmTests.release.xcconfig */ = {isa = PBXFileReference; includeInIndex = 1; lastKnownFileType = text.xcconfig; name = "Pods-AlgorhythmTests.release.xcconfig"; path = "Pods/Target Support Files/Pods-AlgorhythmTests/Pods-AlgorhythmTests.release.xcconfig"; sourceTree = "<group>"; };
/* End PBXFileReference section */

/* Begin PBXFrameworksBuildPhase section */
		345761141D68CAA500BCE071 /* Frameworks */ = {
			isa = PBXFrameworksBuildPhase;
			buildActionMask = 2147483647;
			files = (
				F240BCE73BDD7763D6684C94 /* libPods-Algorhythm.a in Frameworks */,
			);
			runOnlyForDeploymentPostprocessing = 0;
		};
		3457612D1D68CAA500BCE071 /* Frameworks */ = {
			isa = PBXFrameworksBuildPhase;
			buildActionMask = 2147483647;
			files = (
				6777E17C83922A6830712C10 /* libPods-AlgorhythmTests.a in Frameworks */,
			);
			runOnlyForDeploymentPostprocessing = 0;
		};
		345761381D68CAA500BCE071 /* Frameworks */ = {
			isa = PBXFrameworksBuildPhase;
			buildActionMask = 2147483647;
			files = (
				31D94FE4EEE6E306F6266003 /* libPods-AlgorhythmUITests.a in Frameworks */,
			);
			runOnlyForDeploymentPostprocessing = 0;
		};
/* End PBXFrameworksBuildPhase section */

/* Begin PBXGroup section */
		2B1F7604CA1A7DAF20B4B2D5 /* Pods */ = {
			isa = PBXGroup;
			children = (
				4A4B905F76CADABA3EA97FC7 /* Pods-Algorhythm.debug.xcconfig */,
				02AB7E54DA3224E235D2D975 /* Pods-Algorhythm.release.xcconfig */,
				5BE7D9FDBC335BB4595A94A7 /* Pods-AlgorhythmTests.debug.xcconfig */,
				D7D037820B8B396542BB8AE6 /* Pods-AlgorhythmTests.release.xcconfig */,
				78285F1647F79B3EDD95C7C7 /* Pods-AlgorhythmUITests.debug.xcconfig */,
				8C802F9F1A898316240DCFCB /* Pods-AlgorhythmUITests.release.xcconfig */,
			);
			name = Pods;
			sourceTree = "<group>";
		};
		3457610E1D68CAA500BCE071 = {
			isa = PBXGroup;
			children = (
				345761191D68CAA500BCE071 /* Algorhythm */,
				345761331D68CAA500BCE071 /* AlgorhythmTests */,
				3457613E1D68CAA500BCE071 /* AlgorhythmUITests */,
				345761181D68CAA500BCE071 /* Products */,
				2B1F7604CA1A7DAF20B4B2D5 /* Pods */,
				AD39B3A439775E3AC89584AE /* Frameworks */,
			);
			sourceTree = "<group>";
		};
		345761181D68CAA500BCE071 /* Products */ = {
			isa = PBXGroup;
			children = (
				345761171D68CAA500BCE071 /* Algorhythm.app */,
				345761301D68CAA500BCE071 /* AlgorhythmTests.xctest */,
				3457613B1D68CAA500BCE071 /* AlgorhythmUITests.xctest */,
			);
			name = Products;
			sourceTree = "<group>";
		};
		345761191D68CAA500BCE071 /* Algorhythm */ = {
			isa = PBXGroup;
			children = (
				34A40CC31D6A391F00F9C9B5 /* MusicLibrary.h */,
				34A40CC41D6A391F00F9C9B5 /* MusicLibrary.m */,
				3457614D1D68CECA00BCE071 /* PlaylistDetailViewController.h */,
				3457614E1D68CECA00BCE071 /* PlaylistDetailViewController.m */,
				3457611D1D68CAA500BCE071 /* AppDelegate.h */,
				3457611E1D68CAA500BCE071 /* AppDelegate.m */,
				345761201D68CAA500BCE071 /* PlaylistMasterViewController.h */,
				345761211D68CAA500BCE071 /* PlaylistMasterViewController.m */,
				345761231D68CAA500BCE071 /* Main.storyboard */,
				345761261D68CAA500BCE071 /* Assets.xcassets */,
				345761281D68CAA500BCE071 /* LaunchScreen.storyboard */,
				34A40CCC1D6A445C00F9C9B5 /* GoogleService-Info (5).plist */,
				3457612B1D68CAA500BCE071 /* Info.plist */,
				3457611A1D68CAA500BCE071 /* Supporting Files */,
			);
			path = Algorhythm;
			sourceTree = "<group>";
		};
		3457611A1D68CAA500BCE071 /* Supporting Files */ = {
			isa = PBXGroup;
			children = (
				3457611B1D68CAA500BCE071 /* main.m */,
			);
			name = "Supporting Files";
			sourceTree = "<group>";
		};
		345761331D68CAA500BCE071 /* AlgorhythmTests */ = {
			isa = PBXGroup;
			children = (
				345761341D68CAA500BCE071 /* AlgorhythmTests.m */,
				345761361D68CAA500BCE071 /* Info.plist */,
			);
			path = AlgorhythmTests;
			sourceTree = "<group>";
		};
		3457613E1D68CAA500BCE071 /* AlgorhythmUITests */ = {
			isa = PBXGroup;
			children = (
				3457613F1D68CAA500BCE071 /* AlgorhythmUITests.m */,
				345761411D68CAA500BCE071 /* Info.plist */,
			);
			path = AlgorhythmUITests;
			sourceTree = "<group>";
		};
		AD39B3A439775E3AC89584AE /* Frameworks */ = {
			isa = PBXGroup;
			children = (
				29425EFF82CD764E90FA57D4 /* libPods-Algorhythm.a */,
				00381CDE3F6DE42A809932C5 /* libPods-AlgorhythmTests.a */,
				6D32BAA65A6EF73E6501C410 /* libPods-AlgorhythmUITests.a */,
			);
			name = Frameworks;
			sourceTree = "<group>";
		};
/* End PBXGroup section */

/* Begin PBXNativeTarget section */
		345761161D68CAA500BCE071 /* Algorhythm */ = {
			isa = PBXNativeTarget;
			buildConfigurationList = 345761441D68CAA500BCE071 /* Build configuration list for PBXNativeTarget "Algorhythm" */;
			buildPhases = (
				B610DA3A5366DA687E436576 /* [CP] Check Pods Manifest.lock */,
				345761131D68CAA500BCE071 /* Sources */,
				345761141D68CAA500BCE071 /* Frameworks */,
				345761151D68CAA500BCE071 /* Resources */,
				49B83666E470CD11753004CD /* [CP] Embed Pods Frameworks */,
				BFA95BAFAA19D65D31E3D857 /* [CP] Copy Pods Resources */,
			);
			buildRules = (
			);
			dependencies = (
			);
			name = Algorhythm;
			productName = Algorhythm;
			productReference = 345761171D68CAA500BCE071 /* Algorhythm.app */;
			productType = "com.apple.product-type.application";
		};
		3457612F1D68CAA500BCE071 /* AlgorhythmTests */ = {
			isa = PBXNativeTarget;
			buildConfigurationList = 345761471D68CAA500BCE071 /* Build configuration list for PBXNativeTarget "AlgorhythmTests" */;
			buildPhases = (
				E0CB2A43AE0493EFFDD3EDEF /* [CP] Check Pods Manifest.lock */,
				3457612C1D68CAA500BCE071 /* Sources */,
				3457612D1D68CAA500BCE071 /* Frameworks */,
				3457612E1D68CAA500BCE071 /* Resources */,
				7A1617DE5581AD30A4DF4A56 /* [CP] Embed Pods Frameworks */,
				BAD48738DC19398D3A93D221 /* [CP] Copy Pods Resources */,
			);
			buildRules = (
			);
			dependencies = (
				345761321D68CAA500BCE071 /* PBXTargetDependency */,
			);
			name = AlgorhythmTests;
			productName = AlgorhythmTests;
			productReference = 345761301D68CAA500BCE071 /* AlgorhythmTests.xctest */;
			productType = "com.apple.product-type.bundle.unit-test";
		};
		3457613A1D68CAA500BCE071 /* AlgorhythmUITests */ = {
			isa = PBXNativeTarget;
			buildConfigurationList = 3457614A1D68CAA500BCE071 /* Build configuration list for PBXNativeTarget "AlgorhythmUITests" */;
			buildPhases = (
				301FCD623051B71CCB3A9493 /* [CP] Check Pods Manifest.lock */,
				345761371D68CAA500BCE071 /* Sources */,
				345761381D68CAA500BCE071 /* Frameworks */,
				345761391D68CAA500BCE071 /* Resources */,
				A75A08E77B9844ABE3039DD4 /* [CP] Copy Pods Resources */,
			);
			buildRules = (
			);
			dependencies = (
				3457613D1D68CAA500BCE071 /* PBXTargetDependency */,
			);
			name = AlgorhythmUITests;
			productName = AlgorhythmUITests;
			productReference = 3457613B1D68CAA500BCE071 /* AlgorhythmUITests.xctest */;
			productType = "com.apple.product-type.bundle.ui-testing";
		};
/* End PBXNativeTarget section */

/* Begin PBXProject section */
		3457610F1D68CAA500BCE071 /* Project object */ = {
			isa = PBXProject;
			attributes = {
				LastUpgradeCheck = 0730;
				ORGANIZATIONNAME = "Jose Juan Suarez";
				TargetAttributes = {
					345761161D68CAA500BCE071 = {
						CreatedOnToolsVersion = 7.3.1;
					};
					3457612F1D68CAA500BCE071 = {
						CreatedOnToolsVersion = 7.3.1;
						TestTargetID = 345761161D68CAA500BCE071;
					};
					3457613A1D68CAA500BCE071 = {
						CreatedOnToolsVersion = 7.3.1;
						TestTargetID = 345761161D68CAA500BCE071;
					};
				};
			};
			buildConfigurationList = 345761121D68CAA500BCE071 /* Build configuration list for PBXProject "Algorhythm" */;
			compatibilityVersion = "Xcode 3.2";
			developmentRegion = English;
			hasScannedForEncodings = 0;
			knownRegions = (
				en,
				Base,
			);
			mainGroup = 3457610E1D68CAA500BCE071;
			productRefGroup = 345761181D68CAA500BCE071 /* Products */;
			projectDirPath = "";
			projectRoot = "";
			targets = (
				345761161D68CAA500BCE071 /* Algorhythm */,
				3457612F1D68CAA500BCE071 /* AlgorhythmTests */,
				3457613A1D68CAA500BCE071 /* AlgorhythmUITests */,
			);
		};
/* End PBXProject section */

/* Begin PBXResourcesBuildPhase section */
		345761151D68CAA500BCE071 /* Resources */ = {
			isa = PBXResourcesBuildPhase;
			buildActionMask = 2147483647;
			files = (
				3457612A1D68CAA500BCE071 /* LaunchScreen.storyboard in Resources */,
				345761271D68CAA500BCE071 /* Assets.xcassets in Resources */,
				345761251D68CAA500BCE071 /* Main.storyboard in Resources */,
				34A40CCD1D6A445C00F9C9B5 /* GoogleService-Info (5).plist in Resources */,
			);
			runOnlyForDeploymentPostprocessing = 0;
		};
		3457612E1D68CAA500BCE071 /* Resources */ = {
			isa = PBXResourcesBuildPhase;
			buildActionMask = 2147483647;
			files = (
			);
			runOnlyForDeploymentPostprocessing = 0;
		};
		345761391D68CAA500BCE071 /* Resources */ = {
			isa = PBXResourcesBuildPhase;
			buildActionMask = 2147483647;
			files = (
			);
			runOnlyForDeploymentPostprocessing = 0;
		};
/* End PBXResourcesBuildPhase section */

/* Begin PBXShellScriptBuildPhase section */
		301FCD623051B71CCB3A9493 /* [CP] Check Pods Manifest.lock */ = {
			isa = PBXShellScriptBuildPhase;
			buildActionMask = 2147483647;
			files = (
			);
			inputPaths = (
			);
			name = "[CP] Check Pods Manifest.lock";
			outputPaths = (
			);
			runOnlyForDeploymentPostprocessing = 0;
			shellPath = /bin/sh;
			shellScript = "diff \"${PODS_ROOT}/../Podfile.lock\" \"${PODS_ROOT}/Manifest.lock\" > /dev/null\nif [[ $? != 0 ]] ; then\n    cat << EOM\nerror: The sandbox is not in sync with the Podfile.lock. Run 'pod install' or update your CocoaPods installation.\nEOM\n    exit 1\nfi\n";
			showEnvVarsInLog = 0;
		};
		49B83666E470CD11753004CD /* [CP] Embed Pods Frameworks */ = {
			isa = PBXShellScriptBuildPhase;
			buildActionMask = 2147483647;
			files = (
			);
			inputPaths = (
			);
			name = "[CP] Embed Pods Frameworks";
			outputPaths = (
			);
			runOnlyForDeploymentPostprocessing = 0;
			shellPath = /bin/sh;
			shellScript = "\"${SRCROOT}/Pods/Target Support Files/Pods-Algorhythm/Pods-Algorhythm-frameworks.sh\"\n";
			showEnvVarsInLog = 0;
		};
		7A1617DE5581AD30A4DF4A56 /* [CP] Embed Pods Frameworks */ = {
			isa = PBXShellScriptBuildPhase;
			buildActionMask = 2147483647;
			files = (
			);
			inputPaths = (
			);
			name = "[CP] Embed Pods Frameworks";
			outputPaths = (
			);
			runOnlyForDeploymentPostprocessing = 0;
			shellPath = /bin/sh;
			shellScript = "\"${SRCROOT}/Pods/Target Support Files/Pods-AlgorhythmTests/Pods-AlgorhythmTests-frameworks.sh\"\n";
			showEnvVarsInLog = 0;
		};
		A75A08E77B9844ABE3039DD4 /* [CP] Copy Pods Resources */ = {
			isa = PBXShellScriptBuildPhase;
			buildActionMask = 2147483647;
			files = (
			);
			inputPaths = (
			);
			name = "[CP] Copy Pods Resources";
			outputPaths = (
			);
			runOnlyForDeploymentPostprocessing = 0;
			shellPath = /bin/sh;
			shellScript = "\"${SRCROOT}/Pods/Target Support Files/Pods-AlgorhythmUITests/Pods-AlgorhythmUITests-resources.sh\"\n";
			showEnvVarsInLog = 0;
		};
		B610DA3A5366DA687E436576 /* [CP] Check Pods Manifest.lock */ = {
			isa = PBXShellScriptBuildPhase;
			buildActionMask = 2147483647;
			files = (
			);
			inputPaths = (
			);
			name = "[CP] Check Pods Manifest.lock";
			outputPaths = (
			);
			runOnlyForDeploymentPostprocessing = 0;
			shellPath = /bin/sh;
			shellScript = "diff \"${PODS_ROOT}/../Podfile.lock\" \"${PODS_ROOT}/Manifest.lock\" > /dev/null\nif [[ $? != 0 ]] ; then\n    cat << EOM\nerror: The sandbox is not in sync with the Podfile.lock. Run 'pod install' or update your CocoaPods installation.\nEOM\n    exit 1\nfi\n";
			showEnvVarsInLog = 0;
		};
		BAD48738DC19398D3A93D221 /* [CP] Copy Pods Resources */ = {
			isa = PBXShellScriptBuildPhase;
			buildActionMask = 2147483647;
			files = (
			);
			inputPaths = (
			);
			name = "[CP] Copy Pods Resources";
			outputPaths = (
			);
			runOnlyForDeploymentPostprocessing = 0;
			shellPath = /bin/sh;
			shellScript = "\"${SRCROOT}/Pods/Target Support Files/Pods-AlgorhythmTests/Pods-AlgorhythmTests-resources.sh\"\n";
			showEnvVarsInLog = 0;
		};
		BFA95BAFAA19D65D31E3D857 /* [CP] Copy Pods Resources */ = {
			isa = PBXShellScriptBuildPhase;
			buildActionMask = 2147483647;
			files = (
			);
			inputPaths = (
			);
			name = "[CP] Copy Pods Resources";
			outputPaths = (
			);
			runOnlyForDeploymentPostprocessing = 0;
			shellPath = /bin/sh;
			shellScript = "\"${SRCROOT}/Pods/Target Support Files/Pods-Algorhythm/Pods-Algorhythm-resources.sh\"\n";
			showEnvVarsInLog = 0;
		};
		E0CB2A43AE0493EFFDD3EDEF /* [CP] Check Pods Manifest.lock */ = {
			isa = PBXShellScriptBuildPhase;
			buildActionMask = 2147483647;
			files = (
			);
			inputPaths = (
			);
			name = "[CP] Check Pods Manifest.lock";
			outputPaths = (
			);
			runOnlyForDeploymentPostprocessing = 0;
			shellPath = /bin/sh;
			shellScript = "diff \"${PODS_ROOT}/../Podfile.lock\" \"${PODS_ROOT}/Manifest.lock\" > /dev/null\nif [[ $? != 0 ]] ; then\n    cat << EOM\nerror: The sandbox is not in sync with the Podfile.lock. Run 'pod install' or update your CocoaPods installation.\nEOM\n    exit 1\nfi\n";
			showEnvVarsInLog = 0;
		};
/* End PBXShellScriptBuildPhase section */

/* Begin PBXSourcesBuildPhase section */
		345761131D68CAA500BCE071 /* Sources */ = {
			isa = PBXSourcesBuildPhase;
			buildActionMask = 2147483647;
			files = (
				345761221D68CAA500BCE071 /* PlaylistMasterViewController.m in Sources */,
				3457614F1D68CECA00BCE071 /* PlaylistDetailViewController.m in Sources */,
				3457611F1D68CAA500BCE071 /* AppDelegate.m in Sources */,
				3457611C1D68CAA500BCE071 /* main.m in Sources */,
				34A40CC51D6A391F00F9C9B5 /* MusicLibrary.m in Sources */,
			);
			runOnlyForDeploymentPostprocessing = 0;
		};
		3457612C1D68CAA500BCE071 /* Sources */ = {
			isa = PBXSourcesBuildPhase;
			buildActionMask = 2147483647;
			files = (
				345761351D68CAA500BCE071 /* AlgorhythmTests.m in Sources */,
				34A40CC61D6A391F00F9C9B5 /* MusicLibrary.m in Sources */,
			);
			runOnlyForDeploymentPostprocessing = 0;
		};
		345761371D68CAA500BCE071 /* Sources */ = {
			isa = PBXSourcesBuildPhase;
			buildActionMask = 2147483647;
			files = (
				345761401D68CAA500BCE071 /* AlgorhythmUITests.m in Sources */,
				34A40CC71D6A391F00F9C9B5 /* MusicLibrary.m in Sources */,
			);
			runOnlyForDeploymentPostprocessing = 0;
		};
/* End PBXSourcesBuildPhase section */

/* Begin PBXTargetDependency section */
		345761321D68CAA500BCE071 /* PBXTargetDependency */ = {
			isa = PBXTargetDependency;
			target = 345761161D68CAA500BCE071 /* Algorhythm */;
			targetProxy = 345761311D68CAA500BCE071 /* PBXContainerItemProxy */;
		};
		3457613D1D68CAA500BCE071 /* PBXTargetDependency */ = {
			isa = PBXTargetDependency;
			target = 345761161D68CAA500BCE071 /* Algorhythm */;
			targetProxy = 3457613C1D68CAA500BCE071 /* PBXContainerItemProxy */;
		};
/* End PBXTargetDependency section */

/* Begin PBXVariantGroup section */
		345761231D68CAA500BCE071 /* Main.storyboard */ = {
			isa = PBXVariantGroup;
			children = (
				345761241D68CAA500BCE071 /* Base */,
			);
			name = Main.storyboard;
			sourceTree = "<group>";
		};
		345761281D68CAA500BCE071 /* LaunchScreen.storyboard */ = {
			isa = PBXVariantGroup;
			children = (
				345761291D68CAA500BCE071 /* Base */,
			);
			name = LaunchScreen.storyboard;
			sourceTree = "<group>";
		};
/* End PBXVariantGroup section */

/* Begin XCBuildConfiguration section */
		345761421D68CAA500BCE071 /* Debug */ = {
			isa = XCBuildConfiguration;
			buildSettings = {
				ALWAYS_SEARCH_USER_PATHS = NO;
				CLANG_ANALYZER_NONNULL = YES;
				CLANG_CXX_LANGUAGE_STANDARD = "gnu++0x";
				CLANG_CXX_LIBRARY = "libc++";
				CLANG_ENABLE_MODULES = YES;
				CLANG_ENABLE_OBJC_ARC = YES;
				CLANG_WARN_BOOL_CONVERSION = YES;
				CLANG_WARN_CONSTANT_CONVERSION = YES;
				CLANG_WARN_DIRECT_OBJC_ISA_USAGE = YES_ERROR;
				CLANG_WARN_EMPTY_BODY = YES;
				CLANG_WARN_ENUM_CONVERSION = YES;
				CLANG_WARN_INT_CONVERSION = YES;
				CLANG_WARN_OBJC_ROOT_CLASS = YES_ERROR;
				CLANG_WARN_UNREACHABLE_CODE = YES;
				CLANG_WARN__DUPLICATE_METHOD_MATCH = YES;
				"CODE_SIGN_IDENTITY[sdk=iphoneos*]" = "iPhone Developer";
				COPY_PHASE_STRIP = NO;
				DEBUG_INFORMATION_FORMAT = dwarf;
				ENABLE_STRICT_OBJC_MSGSEND = YES;
				ENABLE_TESTABILITY = YES;
				GCC_C_LANGUAGE_STANDARD = gnu99;
				GCC_DYNAMIC_NO_PIC = NO;
				GCC_NO_COMMON_BLOCKS = YES;
				GCC_OPTIMIZATION_LEVEL = 0;
				GCC_PREPROCESSOR_DEFINITIONS = (
					"DEBUG=1",
					"$(inherited)",
				);
				GCC_WARN_64_TO_32_BIT_CONVERSION = YES;
				GCC_WARN_ABOUT_RETURN_TYPE = YES_ERROR;
				GCC_WARN_UNDECLARED_SELECTOR = YES;
				GCC_WARN_UNINITIALIZED_AUTOS = YES_AGGRESSIVE;
				GCC_WARN_UNUSED_FUNCTION = YES;
				GCC_WARN_UNUSED_VARIABLE = YES;
				IPHONEOS_DEPLOYMENT_TARGET = 9.3;
				MTL_ENABLE_DEBUG_INFO = YES;
				ONLY_ACTIVE_ARCH = YES;
				SDKROOT = iphoneos;
				TARGETED_DEVICE_FAMILY = "1,2";
			};
			name = Debug;
		};
		345761431D68CAA500BCE071 /* Release */ = {
			isa = XCBuildConfiguration;
			buildSettings = {
				ALWAYS_SEARCH_USER_PATHS = NO;
				CLANG_ANALYZER_NONNULL = YES;
				CLANG_CXX_LANGUAGE_STANDARD = "gnu++0x";
				CLANG_CXX_LIBRARY = "libc++";
				CLANG_ENABLE_MODULES = YES;
				CLANG_ENABLE_OBJC_ARC = YES;
				CLANG_WARN_BOOL_CONVERSION = YES;
				CLANG_WARN_CONSTANT_CONVERSION = YES;
				CLANG_WARN_DIRECT_OBJC_ISA_USAGE = YES_ERROR;
				CLANG_WARN_EMPTY_BODY = YES;
				CLANG_WARN_ENUM_CONVERSION = YES;
				CLANG_WARN_INT_CONVERSION = YES;
				CLANG_WARN_OBJC_ROOT_CLASS = YES_ERROR;
				CLANG_WARN_UNREACHABLE_CODE = YES;
				CLANG_WARN__DUPLICATE_METHOD_MATCH = YES;
				"CODE_SIGN_IDENTITY[sdk=iphoneos*]" = "iPhone Developer";
				COPY_PHASE_STRIP = NO;
				DEBUG_INFORMATION_FORMAT = "dwarf-with-dsym";
				ENABLE_NS_ASSERTIONS = NO;
				ENABLE_STRICT_OBJC_MSGSEND = YES;
				GCC_C_LANGUAGE_STANDARD = gnu99;
				GCC_NO_COMMON_BLOCKS = YES;
				GCC_WARN_64_TO_32_BIT_CONVERSION = YES;
				GCC_WARN_ABOUT_RETURN_TYPE = YES_ERROR;
				GCC_WARN_UNDECLARED_SELECTOR = YES;
				GCC_WARN_UNINITIALIZED_AUTOS = YES_AGGRESSIVE;
				GCC_WARN_UNUSED_FUNCTION = YES;
				GCC_WARN_UNUSED_VARIABLE = YES;
				IPHONEOS_DEPLOYMENT_TARGET = 9.3;
				MTL_ENABLE_DEBUG_INFO = NO;
				SDKROOT = iphoneos;
				TARGETED_DEVICE_FAMILY = "1,2";
				VALIDATE_PRODUCT = YES;
			};
			name = Release;
		};
		345761451D68CAA500BCE071 /* Debug */ = {
			isa = XCBuildConfiguration;
			baseConfigurationReference = 4A4B905F76CADABA3EA97FC7 /* Pods-Algorhythm.debug.xcconfig */;
			buildSettings = {
				ASSETCATALOG_COMPILER_APPICON_NAME = AppIcon;
				INFOPLIST_FILE = Algorhythm/Info.plist;
				LD_RUNPATH_SEARCH_PATHS = "$(inherited) @executable_path/Frameworks";
				PRODUCT_BUNDLE_IDENTIFIER = com.krakenn.Algorhythm;
				PRODUCT_NAME = "$(TARGET_NAME)";
			};
			name = Debug;
		};
		345761461D68CAA500BCE071 /* Release */ = {
			isa = XCBuildConfiguration;
			baseConfigurationReference = 02AB7E54DA3224E235D2D975 /* Pods-Algorhythm.release.xcconfig */;
			buildSettings = {
				ASSETCATALOG_COMPILER_APPICON_NAME = AppIcon;
				INFOPLIST_FILE = Algorhythm/Info.plist;
				LD_RUNPATH_SEARCH_PATHS = "$(inherited) @executable_path/Frameworks";
				PRODUCT_BUNDLE_IDENTIFIER = com.krakenn.Algorhythm;
				PRODUCT_NAME = "$(TARGET_NAME)";
			};
			name = Release;
		};
		345761481D68CAA500BCE071 /* Debug */ = {
			isa = XCBuildConfiguration;
			baseConfigurationReference = 5BE7D9FDBC335BB4595A94A7 /* Pods-AlgorhythmTests.debug.xcconfig */;
			buildSettings = {
				BUNDLE_LOADER = "$(TEST_HOST)";
				INFOPLIST_FILE = AlgorhythmTests/Info.plist;
				LD_RUNPATH_SEARCH_PATHS = "$(inherited) @executable_path/Frameworks @loader_path/Frameworks";
				PRODUCT_BUNDLE_IDENTIFIER = com.krakenn.AlgorhythmTests;
				PRODUCT_NAME = "$(TARGET_NAME)";
				TEST_HOST = "$(BUILT_PRODUCTS_DIR)/Algorhythm.app/Algorhythm";
			};
			name = Debug;
		};
		345761491D68CAA500BCE071 /* Release */ = {
			isa = XCBuildConfiguration;
			baseConfigurationReference = D7D037820B8B396542BB8AE6 /* Pods-AlgorhythmTests.release.xcconfig */;
			buildSettings = {
				BUNDLE_LOADER = "$(TEST_HOST)";
				INFOPLIST_FILE = AlgorhythmTests/Info.plist;
				LD_RUNPATH_SEARCH_PATHS = "$(inherited) @executable_path/Frameworks @loader_path/Frameworks";
				PRODUCT_BUNDLE_IDENTIFIER = com.krakenn.AlgorhythmTests;
				PRODUCT_NAME = "$(TARGET_NAME)";
				TEST_HOST = "$(BUILT_PRODUCTS_DIR)/Algorhythm.app/Algorhythm";
			};
			name = Release;
		};
		3457614B1D68CAA500BCE071 /* Debug */ = {
			isa = XCBuildConfiguration;
			baseConfigurationReference = 78285F1647F79B3EDD95C7C7 /* Pods-AlgorhythmUITests.debug.xcconfig */;
			buildSettings = {
				INFOPLIST_FILE = AlgorhythmUITests/Info.plist;
				LD_RUNPATH_SEARCH_PATHS = "$(inherited) @executable_path/Frameworks @loader_path/Frameworks";
				PRODUCT_BUNDLE_IDENTIFIER = com.krakenn.AlgorhythmUITests;
				PRODUCT_NAME = "$(TARGET_NAME)";
				TEST_TARGET_NAME = Algorhythm;
			};
			name = Debug;
		};
		3457614C1D68CAA500BCE071 /* Release */ = {
			isa = XCBuildConfiguration;
			baseConfigurationReference = 8C802F9F1A898316240DCFCB /* Pods-AlgorhythmUITests.release.xcconfig */;
			buildSettings = {
				INFOPLIST_FILE = AlgorhythmUITests/Info.plist;
				LD_RUNPATH_SEARCH_PATHS = "$(inherited) @executable_path/Frameworks @loader_path/Frameworks";
				PRODUCT_BUNDLE_IDENTIFIER = com.krakenn.AlgorhythmUITests;
				PRODUCT_NAME = "$(TARGET_NAME)";
				TEST_TARGET_NAME = Algorhythm;
			};
			name = Release;
		};
/* End XCBuildConfiguration section */

/* Begin XCConfigurationList section */
		345761121D68CAA500BCE071 /* Build configuration list for PBXProject "Algorhythm" */ = {
			isa = XCConfigurationList;
			buildConfigurations = (
				345761421D68CAA500BCE071 /* Debug */,
				345761431D68CAA500BCE071 /* Release */,
			);
			defaultConfigurationIsVisible = 0;
			defaultConfigurationName = Release;
		};
		345761441D68CAA500BCE071 /* Build configuration list for PBXNativeTarget "Algorhythm" */ = {
			isa = XCConfigurationList;
			buildConfigurations = (
				345761451D68CAA500BCE071 /* Debug */,
				345761461D68CAA500BCE071 /* Release */,
			);
			defaultConfigurationIsVisible = 0;
			defaultConfigurationName = Release;
		};
		345761471D68CAA500BCE071 /* Build configuration list for PBXNativeTarget "AlgorhythmTests" */ = {
			isa = XCConfigurationList;
			buildConfigurations = (
				345761481D68CAA500BCE071 /* Debug */,
				345761491D68CAA500BCE071 /* Release */,
			);
			defaultConfigurationIsVisible = 0;
			defaultConfigurationName = Release;
		};
		3457614A1D68CAA500BCE071 /* Build configuration list for PBXNativeTarget "AlgorhythmUITests" */ = {
			isa = XCConfigurationList;
			buildConfigurations = (
				3457614B1D68CAA500BCE071 /* Debug */,
				3457614C1D68CAA500BCE071 /* Release */,
			);
			defaultConfigurationIsVisible = 0;
			defaultConfigurationName = Release;
		};
/* End XCConfigurationList section */
	};
	rootObject = 3457610F1D68CAA500BCE071 /* Project object */;
}
